
Microsoft Visual Studio Solution File, Format Version 12.00
# Visual Studio Version 16
VisualStudioVersion = 16.0.30320.27
MinimumVisualStudioVersion = 10.0.40219.1
Project("{9A19103F-16F7-4668-BE54-9A1E7A4F7556}") = "xstream", "xstream\xstream.csproj", "{9C9EACB1-B898-4B9B-9FE6-787FE404A48C}"
EndProject
Project("{9A19103F-16F7-4668-BE54-9A1E7A4F7556}") = "XboxWebApi", "xbox-webapi-csharp\XboxWebApi\XboxWebApi.csproj", "{E242D923-86C2-4EBF-8FE7-BB3E965415EF}"
EndProject
Project("{9A19103F-16F7-4668-BE54-9A1E7A4F7556}") = "SmartGlass", "xbox-smartglass-csharp\SmartGlass\SmartGlass.csproj", "{50107489-DA72-42AA-8428-CB2E3CEE267B}"
EndProject
Global
	GlobalSection(SolutionConfigurationPlatforms) = preSolution
		Debug|Any CPU = Debug|Any CPU
		Release|Any CPU = Release|Any CPU
	EndGlobalSection
	GlobalSection(ProjectConfigurationPlatforms) = postSolution
		{9C9EACB1-B898-4B9B-9FE6-787FE404A48C}.Debug|Any CPU.ActiveCfg = Debug|Any CPU
		{9C9EACB1-B898-4B9B-9FE6-787FE404A48C}.Debug|Any CPU.Build.0 = Debug|Any CPU
		{9C9EACB1-B898-4B9B-9FE6-787FE404A48C}.Release|Any CPU.ActiveCfg = Release|Any CPU
		{9C9EACB1-B898-4B9B-9FE6-787FE404A48C}.Release|Any CPU.Build.0 = Release|Any CPU
		{E242D923-86C2-4EBF-8FE7-BB3E965415EF}.Debug|Any CPU.ActiveCfg = Debug|Any CPU
		{E242D923-86C2-4EBF-8FE7-BB3E965415EF}.Debug|Any CPU.Build.0 = Debug|Any CPU
		{E242D923-86C2-4EBF-8FE7-BB3E965415EF}.Release|Any CPU.ActiveCfg = Release|Any CPU
		{E242D923-86C2-4EBF-8FE7-BB3E965415EF}.Release|Any CPU.Build.0 = Release|Any CPU
		{50107489-DA72-42AA-8428-CB2E3CEE267B}.Debug|Any CPU.ActiveCfg = Debug|Any CPU
		{50107489-DA72-42AA-8428-CB2E3CEE267B}.Debug|Any CPU.Build.0 = Debug|Any CPU
		{50107489-DA72-42AA-8428-CB2E3CEE267B}.Release|Any CPU.ActiveCfg = Release|Any CPU
		{50107489-DA72-42AA-8428-CB2E3CEE267B}.Release|Any CPU.Build.0 = Release|Any CPU
	EndGlobalSection
	GlobalSection(SolutionProperties) = preSolution
		HideSolutionNode = FALSE
	EndGlobalSection
	GlobalSection(ExtensibilityGlobals) = postSolution
		SolutionGuid = {E2F30549-030E-46CC-8690-94E8D9722A7D}
	EndGlobalSection
EndGlobal
